
Microsoft Visual Studio Solution File, Format Version 12.00
# Blend for Visual Studio Version 16
VisualStudioVersion = 16.0.29519.87
MinimumVisualStudioVersion = 10.0.40219.1
Project("{FAE04EC0-301F-11D3-BF4B-00C04F79EFBC}") = "DevProj", "DevProj.csproj", "{A5F8E4AB-070E-4BBA-A28C-DF1D7F5F5730}"
EndProject
Global
	GlobalSection(SolutionConfigurationPlatforms) = preSolution
		Debug|Any CPU = Debug|Any CPU
		Release|Any CPU = Release|Any CPU
	EndGlobalSection
	GlobalSection(ProjectConfigurationPlatforms) = postSolution
		{A5F8E4AB-070E-4BBA-A28C-DF1D7F5F5730}.Debug|Any CPU.ActiveCfg = Debug|Any CPU
		{A5F8E4AB-070E-4BBA-A28C-DF1D7F5F5730}.Debug|Any CPU.Build.0 = Debug|Any CPU
		{A5F8E4AB-070E-4BBA-A28C-DF1D7F5F5730}.Release|Any CPU.ActiveCfg = Release|Any CPU
		{A5F8E4AB-070E-4BBA-A28C-DF1D7F5F5730}.Release|Any CPU.Build.0 = Release|Any CPU
	EndGlobalSection
	GlobalSection(SolutionProperties) = preSolution
		HideSolutionNode = FALSE
	EndGlobalSection
	GlobalSection(ExtensibilityGlobals) = postSolution
		SolutionGuid = {FAAF1F6B-AEAD-4F6C-9F7C-2F5933C944A0}
	EndGlobalSection
EndGlobal
